{
  "version": 4,
  "terraform_version": "1.16.2",
  "serial": 37,
  "lineage": "04251771-6b7b-7712-ba8d-e4763ce5c91d",
  "outputs": {
    "manifest_status": {
      "value": "Terraform infrastructure configuration initialized successfully.",
      "type": "string"
    }
  },
  "resources": [
    {
      "mode": "managed",
      "type": "local_file",
      "name": "stack_manifest",
      "provider": "provider[\"registry.terraform.io/hashicorp/local\"]",
      "instances": [
        {
          "schema_version": 0,
          "attributes": {
            "content": "Enterprise DevOps Stack - Terraform Managed",
            "content_base64": null,
            "content_base64sha256": "X1+W5RQ8q7qTWPNlHfNqByYWrvtm92EoSteL/oxqM6k=",
            "content_base64sha512": "8/ZLmed/vIAXmiJ4XMo0emNQWM24vcygF38QkR//Qz8ya1I725DmoAbhUQ6gHd4dp0PhpDyhE2vto3MB005eqw==",
            "content_md5": "2190bada2257ff8e7461eb37cef1232e",
            "content_sha1": "bf9a13dfb322fbf116f71b0621a45ab476a8016b",
            "content_sha256": "5f5f96e5143cabba9358f3651df36a072616aefb66f761284ad78bfe8c6a33a9",
            "content_sha512": "f3f64b99e77fbc80179a22785cca347a635058cdb8bdcca0177f10911fff433f326b523bdb90e6a006e1510ea01dde1da743e1a43ca1136beda37301d34e5eab",
            "directory_permission": "0777",
            "file_permission": "0777",
            "filename": "./stack_status.txt",
            "id": "bf9a13dfb322fbf116f71b0621a45ab476a8016b",
            "sensitive_content": null,
            "source": null
          },
          "sensitive_attributes": [
            [
              {
                "type": "get_attr",
                "value": "sensitive_content"
              }
            ]
          ],
          "identity_schema_version": 0
        }
      ]
    }
  ],
  "check_results": null
}
