{
  "version": 4,
  "terraform_version": "1.16.2",
  "serial": 40,
  "lineage": "04251771-6b7b-7712-ba8d-e4763ce5c91d",
  "outputs": {
    "manifest_path": {
      "value": "./stack_manifest.json",
      "type": "string"
    }
  },
  "resources": [
    {
      "mode": "managed",
      "type": "local_file",
      "name": "stack_manifest",
      "provider": "provider[\"registry.terraform.io/hashicorp/local\"]",
      "instances": [
        {
          "schema_version": 0,
          "attributes": {
            "content": "{\"components\":[\"prometheus\",\"grafana\",\"alertmanager\",\"loki\",\"nginx\"],\"environment\":\"local-production\",\"managed_by\":\"Terraform\",\"stack\":\"Enterprise-DevOps-Stack\"}",
            "content_base64": null,
            "content_base64sha256": "h5Qg1T9H++EAHSuPbz2nRo6YPffOmyxq9mJ4vEDd2Lw=",
            "content_base64sha512": "fpkBcBLXHd1WvPVSmE4Jx0TukWJCCeUH0nnHOkdDYNF9g19Pke4xvF+8rf12L/s0KZkyC0DA657GUf6+lHxx5A==",
            "content_md5": "c27543e5c5de55a78526ab071984d4f9",
            "content_sha1": "0ba9b4995716e34e7bde0e0e6ee1c93b77c46588",
            "content_sha256": "879420d53f47fbe1001d2b8f6f3da7468e983df7ce9b2c6af66278bc40ddd8bc",
            "content_sha512": "7e99017012d71ddd56bcf552984e09c744ee91624209e507d279c73a474360d17d835f4f91ee31bc5fbcadfd762ffb342999320b40c0eb9ec651febe947c71e4",
            "directory_permission": "0777",
            "file_permission": "0777",
            "filename": "./stack_manifest.json",
            "id": "0ba9b4995716e34e7bde0e0e6ee1c93b77c46588",
            "sensitive_content": null,
            "source": null
          },
          "sensitive_attributes": [
            [
              {
                "type": "get_attr",
                "value": "sensitive_content"
              }
            ]
          ],
          "identity_schema_version": 0
        }
      ]
    }
  ],
  "check_results": null
}
